
Microsoft Visual Studio Solution File, Format Version 12.00
# Visual Studio Version 17
VisualStudioVersion = 17.8.34330.188
MinimumVisualStudioVersion = 10.0.40219.1
Project("{2150E333-8FDC-42A3-9474-1A3956D46DE8}") = "HomeWork", "HomeWork", "{BF18DF67-23C5-40B8-BD62-2F71CFE0B53A}"
EndProject
Project("{9A19103F-16F7-4668-BE54-9A1E7A4F7556}") = "CleanArchitecture", "CleanArchitecture\CleanArchitecture.csproj", "{B2771608-BE3B-475D-A1B1-4F515431E41F}"
EndProject
Project("{9A19103F-16F7-4668-BE54-9A1E7A4F7556}") = "UserAPI.Domen", "UserAPI.Domen\UserAPI.Domen.csproj", "{5B622C18-D6B9-4D56-AE33-D786E460A86B}"
EndProject
Project("{9A19103F-16F7-4668-BE54-9A1E7A4F7556}") = "UserAPI.Application", "UserAPI.Application\UserAPI.Application.csproj", "{2AA4195F-88CF-4F11-BDE8-46048D5FE73E}"
EndProject
Project("{9A19103F-16F7-4668-BE54-9A1E7A4F7556}") = "UserAPI.Infostructure", "UserAPI.Infostructure\UserAPI.Infostructure.csproj", "{C0F9AE0E-5847-4DC9-8EF8-E98A66D72ACD}"
EndProject
Global
	GlobalSection(SolutionConfigurationPlatforms) = preSolution
		Debug|Any CPU = Debug|Any CPU
		Release|Any CPU = Release|Any CPU
	EndGlobalSection
	GlobalSection(ProjectConfigurationPlatforms) = postSolution
		{B2771608-BE3B-475D-A1B1-4F515431E41F}.Debug|Any CPU.ActiveCfg = Debug|Any CPU
		{B2771608-BE3B-475D-A1B1-4F515431E41F}.Debug|Any CPU.Build.0 = Debug|Any CPU
		{B2771608-BE3B-475D-A1B1-4F515431E41F}.Release|Any CPU.ActiveCfg = Release|Any CPU
		{B2771608-BE3B-475D-A1B1-4F515431E41F}.Release|Any CPU.Build.0 = Release|Any CPU
		{5B622C18-D6B9-4D56-AE33-D786E460A86B}.Debug|Any CPU.ActiveCfg = Debug|Any CPU
		{5B622C18-D6B9-4D56-AE33-D786E460A86B}.Debug|Any CPU.Build.0 = Debug|Any CPU
		{5B622C18-D6B9-4D56-AE33-D786E460A86B}.Release|Any CPU.ActiveCfg = Release|Any CPU
		{5B622C18-D6B9-4D56-AE33-D786E460A86B}.Release|Any CPU.Build.0 = Release|Any CPU
		{2AA4195F-88CF-4F11-BDE8-46048D5FE73E}.Debug|Any CPU.ActiveCfg = Debug|Any CPU
		{2AA4195F-88CF-4F11-BDE8-46048D5FE73E}.Debug|Any CPU.Build.0 = Debug|Any CPU
		{2AA4195F-88CF-4F11-BDE8-46048D5FE73E}.Release|Any CPU.ActiveCfg = Release|Any CPU
		{2AA4195F-88CF-4F11-BDE8-46048D5FE73E}.Release|Any CPU.Build.0 = Release|Any CPU
		{C0F9AE0E-5847-4DC9-8EF8-E98A66D72ACD}.Debug|Any CPU.ActiveCfg = Debug|Any CPU
		{C0F9AE0E-5847-4DC9-8EF8-E98A66D72ACD}.Debug|Any CPU.Build.0 = Debug|Any CPU
		{C0F9AE0E-5847-4DC9-8EF8-E98A66D72ACD}.Release|Any CPU.ActiveCfg = Release|Any CPU
		{C0F9AE0E-5847-4DC9-8EF8-E98A66D72ACD}.Release|Any CPU.Build.0 = Release|Any CPU
	EndGlobalSection
	GlobalSection(SolutionProperties) = preSolution
		HideSolutionNode = FALSE
	EndGlobalSection
	GlobalSection(NestedProjects) = preSolution
		{B2771608-BE3B-475D-A1B1-4F515431E41F} = {BF18DF67-23C5-40B8-BD62-2F71CFE0B53A}
		{5B622C18-D6B9-4D56-AE33-D786E460A86B} = {BF18DF67-23C5-40B8-BD62-2F71CFE0B53A}
		{2AA4195F-88CF-4F11-BDE8-46048D5FE73E} = {BF18DF67-23C5-40B8-BD62-2F71CFE0B53A}
		{C0F9AE0E-5847-4DC9-8EF8-E98A66D72ACD} = {BF18DF67-23C5-40B8-BD62-2F71CFE0B53A}
	EndGlobalSection
	GlobalSection(ExtensibilityGlobals) = postSolution
		SolutionGuid = {BE04DBC8-81D8-43BC-AB5B-6068C89492A1}
	EndGlobalSection
EndGlobal
